PODS:
  - Factory (2.2.0)
  - FoundationKit (0.1.0)
  - FoundationKit/Tests (0.1.0)
  - NetworkKit (0.1.0):
    - Factory
    - FoundationKit
  - NetworkKit/Tests (0.1.0):
    - Factory
    - FoundationKit
  - SnapKit (5.6.0)

DEPENDENCIES:
  - Factory
  - FoundationKit (from `LocalPods/FoundationKit`)
  - FoundationKit/Tests (from `LocalPods/FoundationKit`)
  - NetworkKit (from `LocalPods/NetworkKit`)
  - NetworkKit/Tests (from `LocalPods/NetworkKit`)
  - SnapKit

SPEC REPOS:
  trunk:
    - Factory
    - SnapKit

EXTERNAL SOURCES:
  FoundationKit:
    :path: LocalPods/FoundationKit
  NetworkKit:
    :path: LocalPods/NetworkKit

SPEC CHECKSUMS:
  Factory: ec9527abfa59ddf2a1b024914b1e380f616f9e03
  FoundationKit: 45c02ba2c33004d8093fa826552992149649479a
  NetworkKit: 55e5fae1d6588a0cf0e5a8501acf15247c878f5b
  SnapKit: e01d52ebb8ddbc333eefe2132acf85c8227d9c25

PODFILE CHECKSUM: 2042e78ce1ca716417bad6386b3f71eaaa40e84d

COCOAPODS: 1.12.1
