PODS:
  - Factory (2.2.0)
  - FoundationKit (0.1.0)
  - NetworkKit (0.1.0):
    - Factory
    - FoundationKit
  - NetworkKit/Tests (0.1.0):
    - Factory
    - FoundationKit

DEPENDENCIES:
  - Factory
  - FoundationKit (from `../../FoundationKit`)
  - NetworkKit (from `../`)
  - NetworkKit/Tests (from `../`)

SPEC REPOS:
  trunk:
    - Factory

EXTERNAL SOURCES:
  FoundationKit:
    :path: "../../FoundationKit"
  NetworkKit:
    :path: "../"

SPEC CHECKSUMS:
  Factory: ec9527abfa59ddf2a1b024914b1e380f616f9e03
  FoundationKit: 45c02ba2c33004d8093fa826552992149649479a
  NetworkKit: 55e5fae1d6588a0cf0e5a8501acf15247c878f5b

PODFILE CHECKSUM: f2cd7cddfaa3a215cf948ce2c0a9ce09d9dd1b19

COCOAPODS: 1.12.1
