PODS:
  - FoundationKit (0.1.0)
  - FoundationKit/Tests (0.1.0)

DEPENDENCIES:
  - FoundationKit (from `../`)
  - FoundationKit/Tests (from `../`)

EXTERNAL SOURCES:
  FoundationKit:
    :path: "../"

SPEC CHECKSUMS:
  FoundationKit: 45c02ba2c33004d8093fa826552992149649479a

PODFILE CHECKSUM: c80a8042ad9587b67f823f61ea5dd36fcef2e0a9

COCOAPODS: 1.12.1
